version: 2.0
shards:
  action-controller:
    git: https://github.com/spider-gazelle/action-controller.git
    version: 4.6.0

  ameba:
    git: https://github.com/veelenga/ameba.git
    version: 0.14.3

  cron_parser:
    git: https://github.com/kostya/cron_parser.git
    version: 0.4.0

  db:
    git: https://github.com/crystal-lang/crystal-db.git
    version: 0.10.1

  future:
    git: https://github.com/crystal-community/future.cr.git
    version: 1.0.0

  granite:
    git: https://github.com/amberframework/granite.git
    version: 0.23.0

  habitat:
    git: https://github.com/luckyframework/habitat.git
    version: 0.4.7

  hardware:
    git: https://github.com/crystal-community/hardware.git
    version: 0.5.2

  kilt:
    git: https://github.com/jeromegn/kilt.git
    version: 0.6.1

  lucky_router:
    git: https://github.com/luckyframework/lucky_router.git
    version: 0.5.1

  micrate:
    git: https://github.com/amberframework/micrate.git
    version: 0.12.0

  psutil:
    git: https://github.com/gabriel-aires/psutil.cr.git
    version: 0.2.0

  slang:
    git: https://github.com/jeromegn/slang.git
    version: 1.7.3

  sqlite3:
    git: https://github.com/crystal-lang/crystal-sqlite3.git
    version: 0.18.0

  tasker:
    git: https://github.com/spider-gazelle/tasker.git
    version: 2.0.5

